// !$*UTF8*$!
{
	archiveVersion = 1;
	classes = {
	};
	objectVersion = 77;
	objects = {

/* Begin PBXBuildFile section */
		86006E582FB3B42B00714B37 /* WidgetKit.framework in Frameworks */ = {isa = PBXBuildFile; fileRef = 86FE42EC2FB309B70089F00F /* WidgetKit.framework */; };
		86006E592FB3B42B00714B37 /* SwiftUI.framework in Frameworks */ = {isa = PBXBuildFile; fileRef = 86FE42EE2FB309B70089F00F /* SwiftUI.framework */; };
		86006E682FB3B42B00714B37 /* NervioWatch ComplicationsExtension.appex in Embed Foundation Extensions */ = {isa = PBXBuildFile; fileRef = 86006E572FB3B42B00714B37 /* NervioWatch ComplicationsExtension.appex */; settings = {ATTRIBUTES = (RemoveHeadersOnCopy, ); }; };
		86006E702FB3BB0D00714B37 /* NervioWatch Watch App.app in Embed Watch Content */ = {isa = PBXBuildFile; fileRef = 86006E232FB3B1F500714B37 /* NervioWatch Watch App.app */; settings = {ATTRIBUTES = (RemoveHeadersOnCopy, ); }; };
		86AF6A962FDB36AA00CD01D7 /* NervioProManager.swift in Sources */ = {isa = PBXBuildFile; fileRef = 86AF6A942FDB34A300CD01D7 /* NervioProManager.swift */; };
		86AF6A972FDB36C100CD01D7 /* NervioLiveActivityManager.swift in Sources */ = {isa = PBXBuildFile; fileRef = 86AF6A932FDAE76900CD01D7 /* NervioLiveActivityManager.swift */; };
		86AF6A982FDB36D700CD01D7 /* ProPaywallView.swift in Sources */ = {isa = PBXBuildFile; fileRef = 86AF6A952FDB34B900CD01D7 /* ProPaywallView.swift */; };
		86AF6A9B2FDB383300CD01D7 /* Nervio.storekit in Resources */ = {isa = PBXBuildFile; fileRef = 86AF6A9A2FDB383300CD01D7 /* Nervio.storekit */; };
		86D765C92FB7572600870192 /* WidgetKit.framework in Frameworks */ = {isa = PBXBuildFile; fileRef = 86FE42EC2FB309B70089F00F /* WidgetKit.framework */; };
		86D765CA2FB7572600870192 /* SwiftUI.framework in Frameworks */ = {isa = PBXBuildFile; fileRef = 86FE42EE2FB309B70089F00F /* SwiftUI.framework */; };
		86D765DB2FB7572700870192 /* nervio.widgetExtension.appex in Embed Foundation Extensions */ = {isa = PBXBuildFile; fileRef = 86D765C82FB7572600870192 /* nervio.widgetExtension.appex */; settings = {ATTRIBUTES = (RemoveHeadersOnCopy, ); }; };
/* End PBXBuildFile section */

/* Begin PBXContainerItemProxy section */
		86006E302FB3B1F600714B37 /* PBXContainerItemProxy */ = {
			isa = PBXContainerItemProxy;
			containerPortal = 86E456062FB236C800040516 /* Project object */;
			proxyType = 1;
			remoteGlobalIDString = 86006E222FB3B1F500714B37;
			remoteInfo = "NervioWatch Watch App";
		};
		86006E3A2FB3B1F600714B37 /* PBXContainerItemProxy */ = {
			isa = PBXContainerItemProxy;
			containerPortal = 86E456062FB236C800040516 /* Project object */;
			proxyType = 1;
			remoteGlobalIDString = 86006E222FB3B1F500714B37;
			remoteInfo = "NervioWatch Watch App";
		};
		86006E412FB3B1F600714B37 /* PBXContainerItemProxy */ = {
			isa = PBXContainerItemProxy;
			containerPortal = 86E456062FB236C800040516 /* Project object */;
			proxyType = 1;
			remoteGlobalIDString = 86006E222FB3B1F500714B37;
			remoteInfo = "NervioWatch Watch App";
		};
		86006E662FB3B42B00714B37 /* PBXContainerItemProxy */ = {
			isa = PBXContainerItemProxy;
			containerPortal = 86E456062FB236C800040516 /* Project object */;
			proxyType = 1;
			remoteGlobalIDString = 86006E562FB3B42B00714B37;
			remoteInfo = "NervioWatch ComplicationsExtension";
		};
		86D765D92FB7572700870192 /* PBXContainerItemProxy */ = {
			isa = PBXContainerItemProxy;
			containerPortal = 86E456062FB236C800040516 /* Project object */;
			proxyType = 1;
			remoteGlobalIDString = 86D765C72FB7572600870192;
			remoteInfo = nervio.widgetExtension;
		};
		86E4561C2FB236C900040516 /* PBXContainerItemProxy */ = {
			isa = PBXContainerItemProxy;
			containerPortal = 86E456062FB236C800040516 /* Project object */;
			proxyType = 1;
			remoteGlobalIDString = 86E4560D2FB236C800040516;
			remoteInfo = "Nervio — Recovery Signals";
		};
		86E456262FB236C900040516 /* PBXContainerItemProxy */ = {
			isa = PBXContainerItemProxy;
			containerPortal = 86E456062FB236C800040516 /* Project object */;
			proxyType = 1;
			remoteGlobalIDString = 86E4560D2FB236C800040516;
			remoteInfo = "Nervio — Recovery Signals";
		};
/* End PBXContainerItemProxy section */

/* Begin PBXCopyFilesBuildPhase section */
		86006E1C2FB3B0F900714B37 /* Embed Watch Content */ = {
			isa = PBXCopyFilesBuildPhase;
			buildActionMask = 2147483647;
			dstPath = "$(CONTENTS_FOLDER_PATH)/Watch";
			dstSubfolderSpec = 16;
			files = (
				86006E702FB3BB0D00714B37 /* NervioWatch Watch App.app in Embed Watch Content */,
			);
			name = "Embed Watch Content";
			runOnlyForDeploymentPostprocessing = 0;
		};
		86006E6D2FB3B42B00714B37 /* Embed Foundation Extensions */ = {
			isa = PBXCopyFilesBuildPhase;
			buildActionMask = 2147483647;
			dstPath = "";
			dstSubfolderSpec = 13;
			files = (
				86006E682FB3B42B00714B37 /* NervioWatch ComplicationsExtension.appex in Embed Foundation Extensions */,
			);
			name = "Embed Foundation Extensions";
			runOnlyForDeploymentPostprocessing = 0;
		};
		86FE43012FB309B80089F00F /* Embed Foundation Extensions */ = {
			isa = PBXCopyFilesBuildPhase;
			buildActionMask = 2147483647;
			dstPath = "";
			dstSubfolderSpec = 13;
			files = (
				86D765DB2FB7572700870192 /* nervio.widgetExtension.appex in Embed Foundation Extensions */,
			);
			name = "Embed Foundation Extensions";
			runOnlyForDeploymentPostprocessing = 0;
		};
/* End PBXCopyFilesBuildPhase section */

/* Begin PBXFileReference section */
		86006E232FB3B1F500714B37 /* NervioWatch Watch App.app */ = {isa = PBXFileReference; explicitFileType = wrapper.application; includeInIndex = 0; path = "NervioWatch Watch App.app"; sourceTree = BUILT_PRODUCTS_DIR; };
		86006E2F2FB3B1F600714B37 /* NervioWatch Watch AppTests.xctest */ = {isa = PBXFileReference; explicitFileType = wrapper.cfbundle; includeInIndex = 0; path = "NervioWatch Watch AppTests.xctest"; sourceTree = BUILT_PRODUCTS_DIR; };
		86006E392FB3B1F600714B37 /* NervioWatch Watch AppUITests.xctest */ = {isa = PBXFileReference; explicitFileType = wrapper.cfbundle; includeInIndex = 0; path = "NervioWatch Watch AppUITests.xctest"; sourceTree = BUILT_PRODUCTS_DIR; };
		86006E572FB3B42B00714B37 /* NervioWatch ComplicationsExtension.appex */ = {isa = PBXFileReference; explicitFileType = "wrapper.app-extension"; includeInIndex = 0; path = "NervioWatch ComplicationsExtension.appex"; sourceTree = BUILT_PRODUCTS_DIR; };
		86006E6E2FB3B57D00714B37 /* NervioWatch ComplicationsExtension.entitlements */ = {isa = PBXFileReference; lastKnownFileType = text.plist.entitlements; path = "NervioWatch ComplicationsExtension.entitlements"; sourceTree = "<group>"; };
		86AF6A932FDAE76900CD01D7 /* NervioLiveActivityManager.swift */ = {isa = PBXFileReference; lastKnownFileType = sourcecode.swift; path = NervioLiveActivityManager.swift; sourceTree = "<group>"; };
		86AF6A942FDB34A300CD01D7 /* NervioProManager.swift */ = {isa = PBXFileReference; lastKnownFileType = sourcecode.swift; path = NervioProManager.swift; sourceTree = "<group>"; };
		86AF6A952FDB34B900CD01D7 /* ProPaywallView.swift */ = {isa = PBXFileReference; lastKnownFileType = sourcecode.swift; path = ProPaywallView.swift; sourceTree = "<group>"; };
		86AF6A9A2FDB383300CD01D7 /* Nervio.storekit */ = {isa = PBXFileReference; lastKnownFileType = text; path = Nervio.storekit; sourceTree = "<group>"; };
		86C7BD4E2FB26AA80027212B /* ro */ = {isa = PBXFileReference; lastKnownFileType = text.plist.strings; name = ro; path = Localizable.strings; sourceTree = "<group>"; };
		86C7BD502FB26AEB0027212B /* fr */ = {isa = PBXFileReference; lastKnownFileType = text.plist.strings; name = fr; path = Localizable.strings; sourceTree = "<group>"; };
		86C7BD522FB26B310027212B /* de */ = {isa = PBXFileReference; lastKnownFileType = text.plist.strings; name = de; path = Localizable.strings; sourceTree = "<group>"; };
		86C7BD542FB26B5D0027212B /* es */ = {isa = PBXFileReference; lastKnownFileType = text.plist.strings; name = es; path = Localizable.strings; sourceTree = "<group>"; };
		86C7BD562FB26B890027212B /* it */ = {isa = PBXFileReference; lastKnownFileType = text.plist.strings; name = it; path = Localizable.strings; sourceTree = "<group>"; };
		86C7BD582FB26BB30027212B /* pt */ = {isa = PBXFileReference; lastKnownFileType = text.plist.strings; name = pt; path = Localizable.strings; sourceTree = "<group>"; };
		86D765C82FB7572600870192 /* nervio.widgetExtension.appex */ = {isa = PBXFileReference; explicitFileType = "wrapper.app-extension"; includeInIndex = 0; path = nervio.widgetExtension.appex; sourceTree = BUILT_PRODUCTS_DIR; };
		86E4560E2FB236C800040516 /* Nervio — Recovery Signals.app */ = {isa = PBXFileReference; explicitFileType = wrapper.application; includeInIndex = 0; path = "Nervio — Recovery Signals.app"; sourceTree = BUILT_PRODUCTS_DIR; };
		86E4561B2FB236C900040516 /* Nervio — Recovery SignalsTests.xctest */ = {isa = PBXFileReference; explicitFileType = wrapper.cfbundle; includeInIndex = 0; path = "Nervio — Recovery SignalsTests.xctest"; sourceTree = BUILT_PRODUCTS_DIR; };
		86E456252FB236C900040516 /* Nervio — Recovery SignalsUITests.xctest */ = {isa = PBXFileReference; explicitFileType = wrapper.cfbundle; includeInIndex = 0; path = "Nervio — Recovery SignalsUITests.xctest"; sourceTree = BUILT_PRODUCTS_DIR; };
		86E456472FB2383500040516 /* Nervio.entitlements */ = {isa = PBXFileReference; lastKnownFileType = text.plist.entitlements; path = Nervio.entitlements; sourceTree = "<group>"; };
		86FE42EC2FB309B70089F00F /* WidgetKit.framework */ = {isa = PBXFileReference; lastKnownFileType = wrapper.framework; name = WidgetKit.framework; path = System/Library/Frameworks/WidgetKit.framework; sourceTree = SDKROOT; };
		86FE42EE2FB309B70089F00F /* SwiftUI.framework */ = {isa = PBXFileReference; lastKnownFileType = wrapper.framework; name = SwiftUI.framework; path = System/Library/Frameworks/SwiftUI.framework; sourceTree = SDKROOT; };
		86FE430D2FB30C250089F00F /* nervio.widgetExtension.entitlements */ = {isa = PBXFileReference; lastKnownFileType = text.plist.entitlements; path = nervio.widgetExtension.entitlements; sourceTree = "<group>"; };
/* End PBXFileReference section */

/* Begin PBXFileSystemSynchronizedBuildFileExceptionSet section */
		86006E6C2FB3B42B00714B37 /* Exceptions for "NervioWatch Complications" folder in "NervioWatch ComplicationsExtension" target */ = {
			isa = PBXFileSystemSynchronizedBuildFileExceptionSet;
			membershipExceptions = (
				Info.plist,
			);
			target = 86006E562FB3B42B00714B37 /* NervioWatch ComplicationsExtension */;
		};
		86D765DF2FB7572700870192 /* Exceptions for "nervio.widget" folder in "nervio.widgetExtension" target */ = {
			isa = PBXFileSystemSynchronizedBuildFileExceptionSet;
			membershipExceptions = (
				Info.plist,
			);
			target = 86D765C72FB7572600870192 /* nervio.widgetExtension */;
		};
		86E4564D2FB2386400040516 /* Exceptions for "Nervio — Recovery Signals" folder in "Nervio — Recovery Signals" target */ = {
			isa = PBXFileSystemSynchronizedBuildFileExceptionSet;
			membershipExceptions = (
				App/NervioAppModel.swift,
				Health/HealthKitManager.swift,
				Models/RecoveryModels.swift,
				Scoring/BaselineCalculator.swift,
				Scoring/RecoveryScoreEngine.swift,
				Views/DashboardView.swift,
				Views/MainTabView.swift,
				Views/OnboardingView.swift,
				Views/PrivacySettingsView.swift,
				Views/TrendsView.swift,
			);
			target = 86E4560D2FB236C800040516 /* Nervio — Recovery Signals */;
		};
/* End PBXFileSystemSynchronizedBuildFileExceptionSet section */

/* Begin PBXFileSystemSynchronizedRootGroup section */
		86006E242FB3B1F500714B37 /* NervioWatch Watch App */ = {
			isa = PBXFileSystemSynchronizedRootGroup;
			path = "NervioWatch Watch App";
			sourceTree = "<group>";
		};
		86006E322FB3B1F600714B37 /* NervioWatch Watch AppTests */ = {
			isa = PBXFileSystemSynchronizedRootGroup;
			path = "NervioWatch Watch AppTests";
			sourceTree = "<group>";
		};
		86006E3C2FB3B1F600714B37 /* NervioWatch Watch AppUITests */ = {
			isa = PBXFileSystemSynchronizedRootGroup;
			path = "NervioWatch Watch AppUITests";
			sourceTree = "<group>";
		};
		86006E5A2FB3B42B00714B37 /* NervioWatch Complications */ = {
			isa = PBXFileSystemSynchronizedRootGroup;
			exceptions = (
				86006E6C2FB3B42B00714B37 /* Exceptions for "NervioWatch Complications" folder in "NervioWatch ComplicationsExtension" target */,
			);
			path = "NervioWatch Complications";
			sourceTree = "<group>";
		};
		86D765CB2FB7572600870192 /* nervio.widget */ = {
			isa = PBXFileSystemSynchronizedRootGroup;
			exceptions = (
				86D765DF2FB7572700870192 /* Exceptions for "nervio.widget" folder in "nervio.widgetExtension" target */,
			);
			path = nervio.widget;
			sourceTree = "<group>";
		};
		86E456102FB236C800040516 /* Nervio — Recovery Signals */ = {
			isa = PBXFileSystemSynchronizedRootGroup;
			exceptions = (
				86E4564D2FB2386400040516 /* Exceptions for "Nervio — Recovery Signals" folder in "Nervio — Recovery Signals" target */,
			);
			path = "Nervio — Recovery Signals";
			sourceTree = "<group>";
		};
		86E4561E2FB236C900040516 /* Nervio — Recovery SignalsTests */ = {
			isa = PBXFileSystemSynchronizedRootGroup;
			path = "Nervio — Recovery SignalsTests";
			sourceTree = "<group>";
		};
		86E456282FB236C900040516 /* Nervio — Recovery SignalsUITests */ = {
			isa = PBXFileSystemSynchronizedRootGroup;
			path = "Nervio — Recovery SignalsUITests";
			sourceTree = "<group>";
		};
		86FE42F02FB309B70089F00F /* nervio.widget */ = {
			isa = PBXFileSystemSynchronizedRootGroup;
			path = nervio.widget;
			sourceTree = "<group>";
		};
/* End PBXFileSystemSynchronizedRootGroup section */

/* Begin PBXFrameworksBuildPhase section */
		86006E202FB3B1F500714B37 /* Frameworks */ = {
			isa = PBXFrameworksBuildPhase;
			buildActionMask = 2147483647;
			files = (
			);
			runOnlyForDeploymentPostprocessing = 0;
		};
		86006E2C2FB3B1F600714B37 /* Frameworks */ = {
			isa = PBXFrameworksBuildPhase;
			buildActionMask = 2147483647;
			files = (
			);
			runOnlyForDeploymentPostprocessing = 0;
		};
		86006E362FB3B1F600714B37 /* Frameworks */ = {
			isa = PBXFrameworksBuildPhase;
			buildActionMask = 2147483647;
			files = (
			);
			runOnlyForDeploymentPostprocessing = 0;
		};
		86006E542FB3B42B00714B37 /* Frameworks */ = {
			isa = PBXFrameworksBuildPhase;
			buildActionMask = 2147483647;
			files = (
				86006E592FB3B42B00714B37 /* SwiftUI.framework in Frameworks */,
				86006E582FB3B42B00714B37 /* WidgetKit.framework in Frameworks */,
			);
			runOnlyForDeploymentPostprocessing = 0;
		};
		86D765C52FB7572600870192 /* Frameworks */ = {
			isa = PBXFrameworksBuildPhase;
			buildActionMask = 2147483647;
			files = (
				86D765CA2FB7572600870192 /* SwiftUI.framework in Frameworks */,
				86D765C92FB7572600870192 /* WidgetKit.framework in Frameworks */,
			);
			runOnlyForDeploymentPostprocessing = 0;
		};
		86E4560B2FB236C800040516 /* Frameworks */ = {
			isa = PBXFrameworksBuildPhase;
			buildActionMask = 2147483647;
			files = (
			);
			runOnlyForDeploymentPostprocessing = 0;
		};
		86E456182FB236C900040516 /* Frameworks */ = {
			isa = PBXFrameworksBuildPhase;
			buildActionMask = 2147483647;
			files = (
			);
			runOnlyForDeploymentPostprocessing = 0;
		};
		86E456222FB236C900040516 /* Frameworks */ = {
			isa = PBXFrameworksBuildPhase;
			buildActionMask = 2147483647;
			files = (
			);
			runOnlyForDeploymentPostprocessing = 0;
		};
/* End PBXFrameworksBuildPhase section */

/* Begin PBXGroup section */
		86C7BD452FB26A670027212B /* ro.lproj */ = {
			isa = PBXGroup;
			children = (
				86C7BD4D2FB26AA80027212B /* Localizable.strings */,
			);
			path = ro.lproj;
			sourceTree = "<group>";
		};
		86C7BD462FB26A670027212B /* fr.lproj */ = {
			isa = PBXGroup;
			children = (
				86C7BD4F2FB26AEB0027212B /* Localizable.strings */,
			);
			path = fr.lproj;
			sourceTree = "<group>";
		};
		86C7BD472FB26A670027212B /* de.lproj */ = {
			isa = PBXGroup;
			children = (
				86C7BD512FB26B310027212B /* Localizable.strings */,
			);
			path = de.lproj;
			sourceTree = "<group>";
		};
		86C7BD482FB26A670027212B /* es.lproj */ = {
			isa = PBXGroup;
			children = (
				86C7BD532FB26B5D0027212B /* Localizable.strings */,
			);
			path = es.lproj;
			sourceTree = "<group>";
		};
		86C7BD492FB26A670027212B /* it.lproj */ = {
			isa = PBXGroup;
			children = (
				86C7BD552FB26B890027212B /* Localizable.strings */,
			);
			path = it.lproj;
			sourceTree = "<group>";
		};
		86C7BD4A2FB26A670027212B /* pt.lproj */ = {
			isa = PBXGroup;
			children = (
				86C7BD572FB26BB30027212B /* Localizable.strings */,
			);
			path = pt.lproj;
			sourceTree = "<group>";
		};
		86E456052FB236C800040516 = {
			isa = PBXGroup;
			children = (
				86AF6A9A2FDB383300CD01D7 /* Nervio.storekit */,
				86006E6E2FB3B57D00714B37 /* NervioWatch ComplicationsExtension.entitlements */,
				86FE430D2FB30C250089F00F /* nervio.widgetExtension.entitlements */,
				86E456102FB236C800040516 /* Nervio — Recovery Signals */,
				86E4561E2FB236C900040516 /* Nervio — Recovery SignalsTests */,
				86E456282FB236C900040516 /* Nervio — Recovery SignalsUITests */,
				86FE42F02FB309B70089F00F /* nervio.widget */,
				86006E242FB3B1F500714B37 /* NervioWatch Watch App */,
				86006E322FB3B1F600714B37 /* NervioWatch Watch AppTests */,
				86006E3C2FB3B1F600714B37 /* NervioWatch Watch AppUITests */,
				86006E5A2FB3B42B00714B37 /* NervioWatch Complications */,
				86D765CB2FB7572600870192 /* nervio.widget */,
				86FE42EB2FB309B70089F00F /* Frameworks */,
				86E4560F2FB236C800040516 /* Products */,
				86E456382FB2371A00040516 /* App */,
				86E456392FB2371A00040516 /* Health */,
				86E4563A2FB2371A00040516 /* Models */,
				86E4563B2FB2371A00040516 /* Scoring */,
				86E4563C2FB2371A00040516 /* Views */,
				86E456472FB2383500040516 /* Nervio.entitlements */,
				86C7BD452FB26A670027212B /* ro.lproj */,
				86C7BD462FB26A670027212B /* fr.lproj */,
				86C7BD472FB26A670027212B /* de.lproj */,
				86C7BD482FB26A670027212B /* es.lproj */,
				86C7BD492FB26A670027212B /* it.lproj */,
				86C7BD4A2FB26A670027212B /* pt.lproj */,
			);
			sourceTree = "<group>";
		};
		86E4560F2FB236C800040516 /* Products */ = {
			isa = PBXGroup;
			children = (
				86E4560E2FB236C800040516 /* Nervio — Recovery Signals.app */,
				86E4561B2FB236C900040516 /* Nervio — Recovery SignalsTests.xctest */,
				86E456252FB236C900040516 /* Nervio — Recovery SignalsUITests.xctest */,
				86006E232FB3B1F500714B37 /* NervioWatch Watch App.app */,
				86006E2F2FB3B1F600714B37 /* NervioWatch Watch AppTests.xctest */,
				86006E392FB3B1F600714B37 /* NervioWatch Watch AppUITests.xctest */,
				86006E572FB3B42B00714B37 /* NervioWatch ComplicationsExtension.appex */,
				86D765C82FB7572600870192 /* nervio.widgetExtension.appex */,
			);
			name = Products;
			sourceTree = "<group>";
		};
		86E456382FB2371A00040516 /* App */ = {
			isa = PBXGroup;
			children = (
				86AF6A932FDAE76900CD01D7 /* NervioLiveActivityManager.swift */,
				86AF6A942FDB34A300CD01D7 /* NervioProManager.swift */,
			);
			path = App;
			sourceTree = "<group>";
		};
		86E456392FB2371A00040516 /* Health */ = {
			isa = PBXGroup;
			children = (
			);
			path = Health;
			sourceTree = "<group>";
		};
		86E4563A2FB2371A00040516 /* Models */ = {
			isa = PBXGroup;
			children = (
			);
			path = Models;
			sourceTree = "<group>";
		};
		86E4563B2FB2371A00040516 /* Scoring */ = {
			isa = PBXGroup;
			children = (
			);
			path = Scoring;
			sourceTree = "<group>";
		};
		86E4563C2FB2371A00040516 /* Views */ = {
			isa = PBXGroup;
			children = (
				86AF6A952FDB34B900CD01D7 /* ProPaywallView.swift */,
			);
			path = Views;
			sourceTree = "<group>";
		};
		86FE42EB2FB309B70089F00F /* Frameworks */ = {
			isa = PBXGroup;
			children = (
				86FE42EC2FB309B70089F00F /* WidgetKit.framework */,
				86FE42EE2FB309B70089F00F /* SwiftUI.framework */,
			);
			name = Frameworks;
			sourceTree = "<group>";
		};
/* End PBXGroup section */

/* Begin PBXNativeTarget section */
		86006E222FB3B1F500714B37 /* NervioWatch Watch App */ = {
			isa = PBXNativeTarget;
			buildConfigurationList = 86006E442FB3B1F600714B37 /* Build configuration list for PBXNativeTarget "NervioWatch Watch App" */;
			buildPhases = (
				86006E1F2FB3B1F500714B37 /* Sources */,
				86006E202FB3B1F500714B37 /* Frameworks */,
				86006E212FB3B1F500714B37 /* Resources */,
				86006E6D2FB3B42B00714B37 /* Embed Foundation Extensions */,
			);
			buildRules = (
			);
			dependencies = (
				86006E672FB3B42B00714B37 /* PBXTargetDependency */,
			);
			fileSystemSynchronizedGroups = (
				86006E242FB3B1F500714B37 /* NervioWatch Watch App */,
			);
			name = "NervioWatch Watch App";
			packageProductDependencies = (
			);
			productName = "NervioWatch Watch App";
			productReference = 86006E232FB3B1F500714B37 /* NervioWatch Watch App.app */;
			productType = "com.apple.product-type.application";
		};
		86006E2E2FB3B1F600714B37 /* NervioWatch Watch AppTests */ = {
			isa = PBXNativeTarget;
			buildConfigurationList = 86006E472FB3B1F600714B37 /* Build configuration list for PBXNativeTarget "NervioWatch Watch AppTests" */;
			buildPhases = (
				86006E2B2FB3B1F600714B37 /* Sources */,
				86006E2C2FB3B1F600714B37 /* Frameworks */,
				86006E2D2FB3B1F600714B37 /* Resources */,
			);
			buildRules = (
			);
			dependencies = (
				86006E312FB3B1F600714B37 /* PBXTargetDependency */,
			);
			fileSystemSynchronizedGroups = (
				86006E322FB3B1F600714B37 /* NervioWatch Watch AppTests */,
			);
			name = "NervioWatch Watch AppTests";
			packageProductDependencies = (
			);
			productName = "NervioWatch Watch AppTests";
			productReference = 86006E2F2FB3B1F600714B37 /* NervioWatch Watch AppTests.xctest */;
			productType = "com.apple.product-type.bundle.unit-test";
		};
		86006E382FB3B1F600714B37 /* NervioWatch Watch AppUITests */ = {
			isa = PBXNativeTarget;
			buildConfigurationList = 86006E4A2FB3B1F600714B37 /* Build configuration list for PBXNativeTarget "NervioWatch Watch AppUITests" */;
			buildPhases = (
				86006E352FB3B1F600714B37 /* Sources */,
				86006E362FB3B1F600714B37 /* Frameworks */,
				86006E372FB3B1F600714B37 /* Resources */,
			);
			buildRules = (
			);
			dependencies = (
				86006E3B2FB3B1F600714B37 /* PBXTargetDependency */,
			);
			fileSystemSynchronizedGroups = (
				86006E3C2FB3B1F600714B37 /* NervioWatch Watch AppUITests */,
			);
			name = "NervioWatch Watch AppUITests";
			packageProductDependencies = (
			);
			productName = "NervioWatch Watch AppUITests";
			productReference = 86006E392FB3B1F600714B37 /* NervioWatch Watch AppUITests.xctest */;
			productType = "com.apple.product-type.bundle.ui-testing";
		};
		86006E562FB3B42B00714B37 /* NervioWatch ComplicationsExtension */ = {
			isa = PBXNativeTarget;
			buildConfigurationList = 86006E692FB3B42B00714B37 /* Build configuration list for PBXNativeTarget "NervioWatch ComplicationsExtension" */;
			buildPhases = (
				86006E532FB3B42B00714B37 /* Sources */,
				86006E542FB3B42B00714B37 /* Frameworks */,
				86006E552FB3B42B00714B37 /* Resources */,
			);
			buildRules = (
			);
			dependencies = (
			);
			fileSystemSynchronizedGroups = (
				86006E5A2FB3B42B00714B37 /* NervioWatch Complications */,
			);
			name = "NervioWatch ComplicationsExtension";
			packageProductDependencies = (
			);
			productName = "NervioWatch ComplicationsExtension";
			productReference = 86006E572FB3B42B00714B37 /* NervioWatch ComplicationsExtension.appex */;
			productType = "com.apple.product-type.app-extension";
		};
		86D765C72FB7572600870192 /* nervio.widgetExtension */ = {
			isa = PBXNativeTarget;
			buildConfigurationList = 86D765DC2FB7572700870192 /* Build configuration list for PBXNativeTarget "nervio.widgetExtension" */;
			buildPhases = (
				86D765C42FB7572600870192 /* Sources */,
				86D765C52FB7572600870192 /* Frameworks */,
				86D765C62FB7572600870192 /* Resources */,
			);
			buildRules = (
			);
			dependencies = (
			);
			fileSystemSynchronizedGroups = (
				86D765CB2FB7572600870192 /* nervio.widget */,
			);
			name = nervio.widgetExtension;
			packageProductDependencies = (
			);
			productName = nervio.widgetExtension;
			productReference = 86D765C82FB7572600870192 /* nervio.widgetExtension.appex */;
			productType = "com.apple.product-type.app-extension";
		};
		86E4560D2FB236C800040516 /* Nervio — Recovery Signals */ = {
			isa = PBXNativeTarget;
			buildConfigurationList = 86E4562F2FB236C900040516 /* Build configuration list for PBXNativeTarget "Nervio — Recovery Signals" */;
			buildPhases = (
				86E4560A2FB236C800040516 /* Sources */,
				86E4560B2FB236C800040516 /* Frameworks */,
				86E4560C2FB236C800040516 /* Resources */,
				86FE43012FB309B80089F00F /* Embed Foundation Extensions */,
				86006E1C2FB3B0F900714B37 /* Embed Watch Content */,
			);
			buildRules = (
			);
			dependencies = (
				86006E422FB3B1F600714B37 /* PBXTargetDependency */,
				86D765DA2FB7572700870192 /* PBXTargetDependency */,
			);
			fileSystemSynchronizedGroups = (
				86E456102FB236C800040516 /* Nervio — Recovery Signals */,
			);
			name = "Nervio — Recovery Signals";
			packageProductDependencies = (
			);
			productName = "Nervio — Recovery Signals";
			productReference = 86E4560E2FB236C800040516 /* Nervio — Recovery Signals.app */;
			productType = "com.apple.product-type.application";
		};
		86E4561A2FB236C900040516 /* Nervio — Recovery SignalsTests */ = {
			isa = PBXNativeTarget;
			buildConfigurationList = 86E456322FB236C900040516 /* Build configuration list for PBXNativeTarget "Nervio — Recovery SignalsTests" */;
			buildPhases = (
				86E456172FB236C900040516 /* Sources */,
				86E456182FB236C900040516 /* Frameworks */,
				86E456192FB236C900040516 /* Resources */,
			);
			buildRules = (
			);
			dependencies = (
				86E4561D2FB236C900040516 /* PBXTargetDependency */,
			);
			fileSystemSynchronizedGroups = (
				86E4561E2FB236C900040516 /* Nervio — Recovery SignalsTests */,
			);
			name = "Nervio — Recovery SignalsTests";
			packageProductDependencies = (
			);
			productName = "Nervio — Recovery SignalsTests";
			productReference = 86E4561B2FB236C900040516 /* Nervio — Recovery SignalsTests.xctest */;
			productType = "com.apple.product-type.bundle.unit-test";
		};
		86E456242FB236C900040516 /* Nervio — Recovery SignalsUITests */ = {
			isa = PBXNativeTarget;
			buildConfigurationList = 86E456352FB236C900040516 /* Build configuration list for PBXNativeTarget "Nervio — Recovery SignalsUITests" */;
			buildPhases = (
				86E456212FB236C900040516 /* Sources */,
				86E456222FB236C900040516 /* Frameworks */,
				86E456232FB236C900040516 /* Resources */,
			);
			buildRules = (
			);
			dependencies = (
				86E456272FB236C900040516 /* PBXTargetDependency */,
			);
			fileSystemSynchronizedGroups = (
				86E456282FB236C900040516 /* Nervio — Recovery SignalsUITests */,
			);
			name = "Nervio — Recovery SignalsUITests";
			packageProductDependencies = (
			);
			productName = "Nervio — Recovery SignalsUITests";
			productReference = 86E456252FB236C900040516 /* Nervio — Recovery SignalsUITests.xctest */;
			productType = "com.apple.product-type.bundle.ui-testing";
		};
/* End PBXNativeTarget section */

/* Begin PBXProject section */
		86E456062FB236C800040516 /* Project object */ = {
			isa = PBXProject;
			attributes = {
				BuildIndependentTargetsInParallel = 1;
				LastSwiftUpdateCheck = 2650;
				LastUpgradeCheck = 2640;
				TargetAttributes = {
					86006E222FB3B1F500714B37 = {
						CreatedOnToolsVersion = 26.4.1;
					};
					86006E2E2FB3B1F600714B37 = {
						CreatedOnToolsVersion = 26.4.1;
						TestTargetID = 86006E222FB3B1F500714B37;
					};
					86006E382FB3B1F600714B37 = {
						CreatedOnToolsVersion = 26.4.1;
						TestTargetID = 86006E222FB3B1F500714B37;
					};
					86006E562FB3B42B00714B37 = {
						CreatedOnToolsVersion = 26.4.1;
					};
					86D765C72FB7572600870192 = {
						CreatedOnToolsVersion = 26.5;
					};
					86E4560D2FB236C800040516 = {
						CreatedOnToolsVersion = 26.4.1;
					};
					86E4561A2FB236C900040516 = {
						CreatedOnToolsVersion = 26.4.1;
						TestTargetID = 86E4560D2FB236C800040516;
					};
					86E456242FB236C900040516 = {
						CreatedOnToolsVersion = 26.4.1;
						TestTargetID = 86E4560D2FB236C800040516;
					};
				};
			};
			buildConfigurationList = 86E456092FB236C800040516 /* Build configuration list for PBXProject "Nervio — Recovery Signals" */;
			developmentRegion = en;
			hasScannedForEncodings = 0;
			knownRegions = (
				en,
				Base,
				ro,
				fr,
				de,
				es,
				it,
				pt,
			);
			mainGroup = 86E456052FB236C800040516;
			minimizedProjectReferenceProxies = 1;
			preferredProjectObjectVersion = 77;
			productRefGroup = 86E4560F2FB236C800040516 /* Products */;
			projectDirPath = "";
			projectRoot = "";
			targets = (
				86E4560D2FB236C800040516 /* Nervio — Recovery Signals */,
				86E4561A2FB236C900040516 /* Nervio — Recovery SignalsTests */,
				86E456242FB236C900040516 /* Nervio — Recovery SignalsUITests */,
				86006E222FB3B1F500714B37 /* NervioWatch Watch App */,
				86006E2E2FB3B1F600714B37 /* NervioWatch Watch AppTests */,
				86006E382FB3B1F600714B37 /* NervioWatch Watch AppUITests */,
				86006E562FB3B42B00714B37 /* NervioWatch ComplicationsExtension */,
				86D765C72FB7572600870192 /* nervio.widgetExtension */,
			);
		};
/* End PBXProject section */

/* Begin PBXResourcesBuildPhase section */
		86006E212FB3B1F500714B37 /* Resources */ = {
			isa = PBXResourcesBuildPhase;
			buildActionMask = 2147483647;
			files = (
			);
			runOnlyForDeploymentPostprocessing = 0;
		};
		86006E2D2FB3B1F600714B37 /* Resources */ = {
			isa = PBXResourcesBuildPhase;
			buildActionMask = 2147483647;
			files = (
			);
			runOnlyForDeploymentPostprocessing = 0;
		};
		86006E372FB3B1F600714B37 /* Resources */ = {
			isa = PBXResourcesBuildPhase;
			buildActionMask = 2147483647;
			files = (
			);
			runOnlyForDeploymentPostprocessing = 0;
		};
		86006E552FB3B42B00714B37 /* Resources */ = {
			isa = PBXResourcesBuildPhase;
			buildActionMask = 2147483647;
			files = (
			);
			runOnlyForDeploymentPostprocessing = 0;
		};
		86D765C62FB7572600870192 /* Resources */ = {
			isa = PBXResourcesBuildPhase;
			buildActionMask = 2147483647;
			files = (
			);
			runOnlyForDeploymentPostprocessing = 0;
		};
		86E4560C2FB236C800040516 /* Resources */ = {
			isa = PBXResourcesBuildPhase;
			buildActionMask = 2147483647;
			files = (
				86AF6A9B2FDB383300CD01D7 /* Nervio.storekit in Resources */,
			);
			runOnlyForDeploymentPostprocessing = 0;
		};
		86E456192FB236C900040516 /* Resources */ = {
			isa = PBXResourcesBuildPhase;
			buildActionMask = 2147483647;
			files = (
			);
			runOnlyForDeploymentPostprocessing = 0;
		};
		86E456232FB236C900040516 /* Resources */ = {
			isa = PBXResourcesBuildPhase;
			buildActionMask = 2147483647;
			files = (
			);
			runOnlyForDeploymentPostprocessing = 0;
		};
/* End PBXResourcesBuildPhase section */

/* Begin PBXSourcesBuildPhase section */
		86006E1F2FB3B1F500714B37 /* Sources */ = {
			isa = PBXSourcesBuildPhase;
			buildActionMask = 2147483647;
			files = (
			);
			runOnlyForDeploymentPostprocessing = 0;
		};
		86006E2B2FB3B1F600714B37 /* Sources */ = {
			isa = PBXSourcesBuildPhase;
			buildActionMask = 2147483647;
			files = (
			);
			runOnlyForDeploymentPostprocessing = 0;
		};
		86006E352FB3B1F600714B37 /* Sources */ = {
			isa = PBXSourcesBuildPhase;
			buildActionMask = 2147483647;
			files = (
			);
			runOnlyForDeploymentPostprocessing = 0;
		};
		86006E532FB3B42B00714B37 /* Sources */ = {
			isa = PBXSourcesBuildPhase;
			buildActionMask = 2147483647;
			files = (
			);
			runOnlyForDeploymentPostprocessing = 0;
		};
		86D765C42FB7572600870192 /* Sources */ = {
			isa = PBXSourcesBuildPhase;
			buildActionMask = 2147483647;
			files = (
			);
			runOnlyForDeploymentPostprocessing = 0;
		};
		86E4560A2FB236C800040516 /* Sources */ = {
			isa = PBXSourcesBuildPhase;
			buildActionMask = 2147483647;
			files = (
				86AF6A962FDB36AA00CD01D7 /* NervioProManager.swift in Sources */,
				86AF6A982FDB36D700CD01D7 /* ProPaywallView.swift in Sources */,
				86AF6A972FDB36C100CD01D7 /* NervioLiveActivityManager.swift in Sources */,
			);
			runOnlyForDeploymentPostprocessing = 0;
		};
		86E456172FB236C900040516 /* Sources */ = {
			isa = PBXSourcesBuildPhase;
			buildActionMask = 2147483647;
			files = (
			);
			runOnlyForDeploymentPostprocessing = 0;
		};
		86E456212FB236C900040516 /* Sources */ = {
			isa = PBXSourcesBuildPhase;
			buildActionMask = 2147483647;
			files = (
			);
			runOnlyForDeploymentPostprocessing = 0;
		};
/* End PBXSourcesBuildPhase section */

/* Begin PBXTargetDependency section */
		86006E312FB3B1F600714B37 /* PBXTargetDependency */ = {
			isa = PBXTargetDependency;
			target = 86006E222FB3B1F500714B37 /* NervioWatch Watch App */;
			targetProxy = 86006E302FB3B1F600714B37 /* PBXContainerItemProxy */;
		};
		86006E3B2FB3B1F600714B37 /* PBXTargetDependency */ = {
			isa = PBXTargetDependency;
			target = 86006E222FB3B1F500714B37 /* NervioWatch Watch App */;
			targetProxy = 86006E3A2FB3B1F600714B37 /* PBXContainerItemProxy */;
		};
		86006E422FB3B1F600714B37 /* PBXTargetDependency */ = {
			isa = PBXTargetDependency;
			target = 86006E222FB3B1F500714B37 /* NervioWatch Watch App */;
			targetProxy = 86006E412FB3B1F600714B37 /* PBXContainerItemProxy */;
		};
		86006E672FB3B42B00714B37 /* PBXTargetDependency */ = {
			isa = PBXTargetDependency;
			target = 86006E562FB3B42B00714B37 /* NervioWatch ComplicationsExtension */;
			targetProxy = 86006E662FB3B42B00714B37 /* PBXContainerItemProxy */;
		};
		86D765DA2FB7572700870192 /* PBXTargetDependency */ = {
			isa = PBXTargetDependency;
			target = 86D765C72FB7572600870192 /* nervio.widgetExtension */;
			targetProxy = 86D765D92FB7572700870192 /* PBXContainerItemProxy */;
		};
		86E4561D2FB236C900040516 /* PBXTargetDependency */ = {
			isa = PBXTargetDependency;
			target = 86E4560D2FB236C800040516 /* Nervio — Recovery Signals */;
			targetProxy = 86E4561C2FB236C900040516 /* PBXContainerItemProxy */;
		};
		86E456272FB236C900040516 /* PBXTargetDependency */ = {
			isa = PBXTargetDependency;
			target = 86E4560D2FB236C800040516 /* Nervio — Recovery Signals */;
			targetProxy = 86E456262FB236C900040516 /* PBXContainerItemProxy */;
		};
/* End PBXTargetDependency section */

/* Begin PBXVariantGroup section */
		86C7BD4D2FB26AA80027212B /* Localizable.strings */ = {
			isa = PBXVariantGroup;
			children = (
				86C7BD4E2FB26AA80027212B /* ro */,
			);
			name = Localizable.strings;
			sourceTree = "<group>";
		};
		86C7BD4F2FB26AEB0027212B /* Localizable.strings */ = {
			isa = PBXVariantGroup;
			children = (
				86C7BD502FB26AEB0027212B /* fr */,
			);
			name = Localizable.strings;
			sourceTree = "<group>";
		};
		86C7BD512FB26B310027212B /* Localizable.strings */ = {
			isa = PBXVariantGroup;
			children = (
				86C7BD522FB26B310027212B /* de */,
			);
			name = Localizable.strings;
			sourceTree = "<group>";
		};
		86C7BD532FB26B5D0027212B /* Localizable.strings */ = {
			isa = PBXVariantGroup;
			children = (
				86C7BD542FB26B5D0027212B /* es */,
			);
			name = Localizable.strings;
			sourceTree = "<group>";
		};
		86C7BD552FB26B890027212B /* Localizable.strings */ = {
			isa = PBXVariantGroup;
			children = (
				86C7BD562FB26B890027212B /* it */,
			);
			name = Localizable.strings;
			sourceTree = "<group>";
		};
		86C7BD572FB26BB30027212B /* Localizable.strings */ = {
			isa = PBXVariantGroup;
			children = (
				86C7BD582FB26BB30027212B /* pt */,
			);
			name = Localizable.strings;
			sourceTree = "<group>";
		};
/* End PBXVariantGroup section */

/* Begin XCBuildConfiguration section */
		86006E452FB3B1F600714B37 /* Debug */ = {
			isa = XCBuildConfiguration;
			buildSettings = {
				ASSETCATALOG_COMPILER_ALTERNATE_APPICON_NAMES = "";
				ASSETCATALOG_COMPILER_APPICON_NAME = AppIcon;
				ASSETCATALOG_COMPILER_GLOBAL_ACCENT_COLOR_NAME = AccentColor;
				CODE_SIGN_ENTITLEMENTS = "NervioWatch Watch App/NervioWatch Watch App.entitlements";
				CODE_SIGN_STYLE = Automatic;
				CURRENT_PROJECT_VERSION = 9;
				DEVELOPMENT_TEAM = 62QUMB3PNM;
				ENABLE_PREVIEWS = YES;
				GENERATE_INFOPLIST_FILE = YES;
				INFOPLIST_KEY_CFBundleDisplayName = "Nervio Watch";
				INFOPLIST_KEY_NSHealthShareUsageDescription = "Nervio reads ​Apple ​Watch step count to show local recovery and activity signals.";
				INFOPLIST_KEY_NSHealthUpdateUsageDescription = "Nervio writes selected wellness summaries to Apple Health only when you explicitly choose to do so.";
				INFOPLIST_KEY_UISupportedInterfaceOrientations = "UIInterfaceOrientationPortrait UIInterfaceOrientationPortraitUpsideDown";
				INFOPLIST_KEY_WKApplication = YES;
				INFOPLIST_KEY_WKCompanionAppBundleIdentifier = "com.florinsima.Nervio---Recovery-Signals";
				LD_RUNPATH_SEARCH_PATHS = (
					"$(inherited)",
					"@executable_path/Frameworks",
				);
				MARKETING_VERSION = 2.6;
				PRODUCT_BUNDLE_IDENTIFIER = "com.florinsima.Nervio---Recovery-Signals.watchkitapp";
				PRODUCT_NAME = "$(TARGET_NAME)";
				SDKROOT = watchos;
				SKIP_INSTALL = YES;
				STRING_CATALOG_GENERATE_SYMBOLS = YES;
				SWIFT_APPROACHABLE_CONCURRENCY = YES;
				SWIFT_DEFAULT_ACTOR_ISOLATION = MainActor;
				SWIFT_EMIT_LOC_STRINGS = YES;
				SWIFT_UPCOMING_FEATURE_MEMBER_IMPORT_VISIBILITY = YES;
				SWIFT_VERSION = 5.0;
				TARGETED_DEVICE_FAMILY = 4;
				WATCHOS_DEPLOYMENT_TARGET = 10.0;
			};
			name = Debug;
		};
		86006E462FB3B1F600714B37 /* Release */ = {
			isa = XCBuildConfiguration;
			buildSettings = {
				ASSETCATALOG_COMPILER_ALTERNATE_APPICON_NAMES = "";
				ASSETCATALOG_COMPILER_APPICON_NAME = AppIcon;
				ASSETCATALOG_COMPILER_GLOBAL_ACCENT_COLOR_NAME = AccentColor;
				CODE_SIGN_ENTITLEMENTS = "NervioWatch Watch App/NervioWatch Watch App.entitlements";
				CODE_SIGN_STYLE = Automatic;
				CURRENT_PROJECT_VERSION = 9;
				DEVELOPMENT_TEAM = 62QUMB3PNM;
				ENABLE_PREVIEWS = YES;
				GENERATE_INFOPLIST_FILE = YES;
				INFOPLIST_KEY_CFBundleDisplayName = "Nervio Watch";
				INFOPLIST_KEY_NSHealthShareUsageDescription = "Nervio reads ​Apple ​Watch step count to show local recovery and activity signals.";
				INFOPLIST_KEY_NSHealthUpdateUsageDescription = "Nervio writes selected wellness summaries to Apple Health only when you explicitly choose to do so.";
				INFOPLIST_KEY_UISupportedInterfaceOrientations = "UIInterfaceOrientationPortrait UIInterfaceOrientationPortraitUpsideDown";
				INFOPLIST_KEY_WKApplication = YES;
				INFOPLIST_KEY_WKCompanionAppBundleIdentifier = "com.florinsima.Nervio---Recovery-Signals";
				LD_RUNPATH_SEARCH_PATHS = (
					"$(inherited)",
					"@executable_path/Frameworks",
				);
				MARKETING_VERSION = 2.6;
				PRODUCT_BUNDLE_IDENTIFIER = "com.florinsima.Nervio---Recovery-Signals.watchkitapp";
				PRODUCT_NAME = "$(TARGET_NAME)";
				SDKROOT = watchos;
				SKIP_INSTALL = YES;
				STRING_CATALOG_GENERATE_SYMBOLS = YES;
				SWIFT_APPROACHABLE_CONCURRENCY = YES;
				SWIFT_DEFAULT_ACTOR_ISOLATION = MainActor;
				SWIFT_EMIT_LOC_STRINGS = YES;
				SWIFT_UPCOMING_FEATURE_MEMBER_IMPORT_VISIBILITY = YES;
				SWIFT_VERSION = 5.0;
				TARGETED_DEVICE_FAMILY = 4;
				WATCHOS_DEPLOYMENT_TARGET = 10.0;
			};
			name = Release;
		};
		86006E482FB3B1F600714B37 /* Debug */ = {
			isa = XCBuildConfiguration;
			buildSettings = {
				BUNDLE_LOADER = "$(TEST_HOST)";
				CODE_SIGN_STYLE = Automatic;
				CURRENT_PROJECT_VERSION = 4;
				DEVELOPMENT_TEAM = 62QUMB3PNM;
				GENERATE_INFOPLIST_FILE = YES;
				MARKETING_VERSION = 1.0;
				PRODUCT_BUNDLE_IDENTIFIER = "com.florinsima.NervioWatch-Watch-AppTests";
				PRODUCT_NAME = "$(TARGET_NAME)";
				SDKROOT = watchos;
				STRING_CATALOG_GENERATE_SYMBOLS = NO;
				SWIFT_APPROACHABLE_CONCURRENCY = YES;
				SWIFT_EMIT_LOC_STRINGS = NO;
				SWIFT_UPCOMING_FEATURE_MEMBER_IMPORT_VISIBILITY = YES;
				SWIFT_VERSION = 5.0;
				TARGETED_DEVICE_FAMILY = 4;
				TEST_HOST = "$(BUILT_PRODUCTS_DIR)/NervioWatch Watch App.app/$(BUNDLE_EXECUTABLE_FOLDER_PATH)/NervioWatch Watch App";
				WATCHOS_DEPLOYMENT_TARGET = 10.0;
			};
			name = Debug;
		};
		86006E492FB3B1F600714B37 /* Release */ = {
			isa = XCBuildConfiguration;
			buildSettings = {
				BUNDLE_LOADER = "$(TEST_HOST)";
				CODE_SIGN_STYLE = Automatic;
				CURRENT_PROJECT_VERSION = 4;
				DEVELOPMENT_TEAM = 62QUMB3PNM;
				GENERATE_INFOPLIST_FILE = YES;
				MARKETING_VERSION = 1.0;
				PRODUCT_BUNDLE_IDENTIFIER = "com.florinsima.NervioWatch-Watch-AppTests";
				PRODUCT_NAME = "$(TARGET_NAME)";
				SDKROOT = watchos;
				STRING_CATALOG_GENERATE_SYMBOLS = NO;
				SWIFT_APPROACHABLE_CONCURRENCY = YES;
				SWIFT_EMIT_LOC_STRINGS = NO;
				SWIFT_UPCOMING_FEATURE_MEMBER_IMPORT_VISIBILITY = YES;
				SWIFT_VERSION = 5.0;
				TARGETED_DEVICE_FAMILY = 4;
				TEST_HOST = "$(BUILT_PRODUCTS_DIR)/NervioWatch Watch App.app/$(BUNDLE_EXECUTABLE_FOLDER_PATH)/NervioWatch Watch App";
				WATCHOS_DEPLOYMENT_TARGET = 10.0;
			};
			name = Release;
		};
		86006E4B2FB3B1F600714B37 /* Debug */ = {
			isa = XCBuildConfiguration;
			buildSettings = {
				CODE_SIGN_STYLE = Automatic;
				CURRENT_PROJECT_VERSION = 4;
				DEVELOPMENT_TEAM = 62QUMB3PNM;
				GENERATE_INFOPLIST_FILE = YES;
				MARKETING_VERSION = 1.0;
				PRODUCT_BUNDLE_IDENTIFIER = "com.florinsima.NervioWatch-Watch-AppUITests";
				PRODUCT_NAME = "$(TARGET_NAME)";
				SDKROOT = watchos;
				STRING_CATALOG_GENERATE_SYMBOLS = NO;
				SWIFT_APPROACHABLE_CONCURRENCY = YES;
				SWIFT_EMIT_LOC_STRINGS = NO;
				SWIFT_UPCOMING_FEATURE_MEMBER_IMPORT_VISIBILITY = YES;
				SWIFT_VERSION = 5.0;
				TARGETED_DEVICE_FAMILY = 4;
				TEST_TARGET_NAME = "NervioWatch Watch App";
				WATCHOS_DEPLOYMENT_TARGET = 10.0;
			};
			name = Debug;
		};
		86006E4C2FB3B1F600714B37 /* Release */ = {
			isa = XCBuildConfiguration;
			buildSettings = {
				CODE_SIGN_STYLE = Automatic;
				CURRENT_PROJECT_VERSION = 4;
				DEVELOPMENT_TEAM = 62QUMB3PNM;
				GENERATE_INFOPLIST_FILE = YES;
				MARKETING_VERSION = 1.0;
				PRODUCT_BUNDLE_IDENTIFIER = "com.florinsima.NervioWatch-Watch-AppUITests";
				PRODUCT_NAME = "$(TARGET_NAME)";
				SDKROOT = watchos;
				STRING_CATALOG_GENERATE_SYMBOLS = NO;
				SWIFT_APPROACHABLE_CONCURRENCY = YES;
				SWIFT_EMIT_LOC_STRINGS = NO;
				SWIFT_UPCOMING_FEATURE_MEMBER_IMPORT_VISIBILITY = YES;
				SWIFT_VERSION = 5.0;
				TARGETED_DEVICE_FAMILY = 4;
				TEST_TARGET_NAME = "NervioWatch Watch App";
				WATCHOS_DEPLOYMENT_TARGET = 10.0;
			};
			name = Release;
		};
		86006E6A2FB3B42B00714B37 /* Debug */ = {
			isa = XCBuildConfiguration;
			buildSettings = {
				ASSETCATALOG_COMPILER_GLOBAL_ACCENT_COLOR_NAME = AccentColor;
				ASSETCATALOG_COMPILER_WIDGET_BACKGROUND_COLOR_NAME = WidgetBackground;
				CODE_SIGN_ENTITLEMENTS = "NervioWatch ComplicationsExtension.entitlements";
				CODE_SIGN_STYLE = Automatic;
				CURRENT_PROJECT_VERSION = 9;
				DEVELOPMENT_TEAM = 62QUMB3PNM;
				GENERATE_INFOPLIST_FILE = YES;
				INFOPLIST_FILE = "NervioWatch Complications/Info.plist";
				INFOPLIST_KEY_CFBundleDisplayName = "Nervio Watch";
				INFOPLIST_KEY_NSHumanReadableCopyright = "";
				LD_RUNPATH_SEARCH_PATHS = (
					"$(inherited)",
					"@executable_path/Frameworks",
					"@executable_path/../../Frameworks",
					"@executable_path/../../../../Frameworks",
				);
				MARKETING_VERSION = 2.6;
				PRODUCT_BUNDLE_IDENTIFIER = "com.florinsima.Nervio---Recovery-Signals.watchkitapp.NervioWatch-Complications";
				PRODUCT_NAME = "$(TARGET_NAME)";
				SDKROOT = watchos;
				SKIP_INSTALL = YES;
				STRING_CATALOG_GENERATE_SYMBOLS = YES;
				SWIFT_APPROACHABLE_CONCURRENCY = YES;
				SWIFT_EMIT_LOC_STRINGS = YES;
				SWIFT_UPCOMING_FEATURE_MEMBER_IMPORT_VISIBILITY = YES;
				SWIFT_VERSION = 5.0;
				TARGETED_DEVICE_FAMILY = 4;
				WATCHOS_DEPLOYMENT_TARGET = 10.0;
			};
			name = Debug;
		};
		86006E6B2FB3B42B00714B37 /* Release */ = {
			isa = XCBuildConfiguration;
			buildSettings = {
				ASSETCATALOG_COMPILER_GLOBAL_ACCENT_COLOR_NAME = AccentColor;
				ASSETCATALOG_COMPILER_WIDGET_BACKGROUND_COLOR_NAME = WidgetBackground;
				CODE_SIGN_ENTITLEMENTS = "NervioWatch ComplicationsExtension.entitlements";
				CODE_SIGN_STYLE = Automatic;
				CURRENT_PROJECT_VERSION = 9;
				DEVELOPMENT_TEAM = 62QUMB3PNM;
				GENERATE_INFOPLIST_FILE = YES;
				INFOPLIST_FILE = "NervioWatch Complications/Info.plist";
				INFOPLIST_KEY_CFBundleDisplayName = "Nervio Watch";
				INFOPLIST_KEY_NSHumanReadableCopyright = "";
				LD_RUNPATH_SEARCH_PATHS = (
					"$(inherited)",
					"@executable_path/Frameworks",
					"@executable_path/../../Frameworks",
					"@executable_path/../../../../Frameworks",
				);
				MARKETING_VERSION = 2.6;
				PRODUCT_BUNDLE_IDENTIFIER = "com.florinsima.Nervio---Recovery-Signals.watchkitapp.NervioWatch-Complications";
				PRODUCT_NAME = "$(TARGET_NAME)";
				SDKROOT = watchos;
				SKIP_INSTALL = YES;
				STRING_CATALOG_GENERATE_SYMBOLS = YES;
				SWIFT_APPROACHABLE_CONCURRENCY = YES;
				SWIFT_EMIT_LOC_STRINGS = YES;
				SWIFT_UPCOMING_FEATURE_MEMBER_IMPORT_VISIBILITY = YES;
				SWIFT_VERSION = 5.0;
				TARGETED_DEVICE_FAMILY = 4;
				WATCHOS_DEPLOYMENT_TARGET = 10.0;
			};
			name = Release;
		};
		86D765DD2FB7572700870192 /* Debug */ = {
			isa = XCBuildConfiguration;
			buildSettings = {
				ASSETCATALOG_COMPILER_GLOBAL_ACCENT_COLOR_NAME = AccentColor;
				ASSETCATALOG_COMPILER_WIDGET_BACKGROUND_COLOR_NAME = WidgetBackground;
				CODE_SIGN_ENTITLEMENTS = nervio.widgetExtension.entitlements;
				CODE_SIGN_STYLE = Automatic;
				CURRENT_PROJECT_VERSION = 9;
				DEVELOPMENT_TEAM = 62QUMB3PNM;
				GENERATE_INFOPLIST_FILE = YES;
				INFOPLIST_FILE = nervio.widget/Info.plist;
				INFOPLIST_KEY_CFBundleDisplayName = nervio.widget;
				INFOPLIST_KEY_NSHumanReadableCopyright = "";
				IPHONEOS_DEPLOYMENT_TARGET = 17.6;
				LD_RUNPATH_SEARCH_PATHS = (
					"$(inherited)",
					"@executable_path/Frameworks",
					"@executable_path/../../Frameworks",
				);
				MARKETING_VERSION = 2.6;
				PRODUCT_BUNDLE_IDENTIFIER = "com.florinsima.Nervio---Recovery-Signals.nervio-widget";
				PRODUCT_NAME = "$(TARGET_NAME)";
				SKIP_INSTALL = YES;
				STRING_CATALOG_GENERATE_SYMBOLS = YES;
				SWIFT_APPROACHABLE_CONCURRENCY = YES;
				SWIFT_EMIT_LOC_STRINGS = YES;
				SWIFT_UPCOMING_FEATURE_MEMBER_IMPORT_VISIBILITY = YES;
				SWIFT_VERSION = 5.0;
				TARGETED_DEVICE_FAMILY = "1,2";
			};
			name = Debug;
		};
		86D765DE2FB7572700870192 /* Release */ = {
			isa = XCBuildConfiguration;
			buildSettings = {
				ASSETCATALOG_COMPILER_GLOBAL_ACCENT_COLOR_NAME = AccentColor;
				ASSETCATALOG_COMPILER_WIDGET_BACKGROUND_COLOR_NAME = WidgetBackground;
				CODE_SIGN_ENTITLEMENTS = nervio.widgetExtension.entitlements;
				CODE_SIGN_STYLE = Automatic;
				CURRENT_PROJECT_VERSION = 9;
				DEVELOPMENT_TEAM = 62QUMB3PNM;
				GENERATE_INFOPLIST_FILE = YES;
				INFOPLIST_FILE = nervio.widget/Info.plist;
				INFOPLIST_KEY_CFBundleDisplayName = nervio.widget;
				INFOPLIST_KEY_NSHumanReadableCopyright = "";
				IPHONEOS_DEPLOYMENT_TARGET = 17.6;
				LD_RUNPATH_SEARCH_PATHS = (
					"$(inherited)",
					"@executable_path/Frameworks",
					"@executable_path/../../Frameworks",
				);
				MARKETING_VERSION = 2.6;
				PRODUCT_BUNDLE_IDENTIFIER = "com.florinsima.Nervio---Recovery-Signals.nervio-widget";
				PRODUCT_NAME = "$(TARGET_NAME)";
				SKIP_INSTALL = YES;
				STRING_CATALOG_GENERATE_SYMBOLS = YES;
				SWIFT_APPROACHABLE_CONCURRENCY = YES;
				SWIFT_EMIT_LOC_STRINGS = YES;
				SWIFT_UPCOMING_FEATURE_MEMBER_IMPORT_VISIBILITY = YES;
				SWIFT_VERSION = 5.0;
				TARGETED_DEVICE_FAMILY = "1,2";
			};
			name = Release;
		};
		86E4562D2FB236C900040516 /* Debug */ = {
			isa = XCBuildConfiguration;
			buildSettings = {
				ALWAYS_SEARCH_USER_PATHS = NO;
				ASSETCATALOG_COMPILER_GENERATE_SWIFT_ASSET_SYMBOL_EXTENSIONS = YES;
				CLANG_ANALYZER_NONNULL = YES;
				CLANG_ANALYZER_NUMBER_OBJECT_CONVERSION = YES_AGGRESSIVE;
				CLANG_CXX_LANGUAGE_STANDARD = "gnu++20";
				CLANG_ENABLE_MODULES = YES;
				CLANG_ENABLE_OBJC_ARC = YES;
				CLANG_ENABLE_OBJC_WEAK = YES;
				CLANG_WARN_BLOCK_CAPTURE_AUTORELEASING = YES;
				CLANG_WARN_BOOL_CONVERSION = YES;
				CLANG_WARN_COMMA = YES;
				CLANG_WARN_CONSTANT_CONVERSION = YES;
				CLANG_WARN_DEPRECATED_OBJC_IMPLEMENTATIONS = YES;
				CLANG_WARN_DIRECT_OBJC_ISA_USAGE = YES_ERROR;
				CLANG_WARN_DOCUMENTATION_COMMENTS = YES;
				CLANG_WARN_EMPTY_BODY = YES;
				CLANG_WARN_ENUM_CONVERSION = YES;
				CLANG_WARN_INFINITE_RECURSION = YES;
				CLANG_WARN_INT_CONVERSION = YES;
				CLANG_WARN_NON_LITERAL_NULL_CONVERSION = YES;
				CLANG_WARN_OBJC_IMPLICIT_RETAIN_SELF = YES;
				CLANG_WARN_OBJC_LITERAL_CONVERSION = YES;
				CLANG_WARN_OBJC_ROOT_CLASS = YES_ERROR;
				CLANG_WARN_QUOTED_INCLUDE_IN_FRAMEWORK_HEADER = YES;
				CLANG_WARN_RANGE_LOOP_ANALYSIS = YES;
				CLANG_WARN_STRICT_PROTOTYPES = YES;
				CLANG_WARN_SUSPICIOUS_MOVE = YES;
				CLANG_WARN_UNGUARDED_AVAILABILITY = YES_AGGRESSIVE;
				CLANG_WARN_UNREACHABLE_CODE = YES;
				CLANG_WARN__DUPLICATE_METHOD_MATCH = YES;
				COPY_PHASE_STRIP = NO;
				DEBUG_INFORMATION_FORMAT = dwarf;
				DEVELOPMENT_TEAM = 62QUMB3PNM;
				ENABLE_STRICT_OBJC_MSGSEND = YES;
				ENABLE_TESTABILITY = YES;
				ENABLE_USER_SCRIPT_SANDBOXING = YES;
				GCC_C_LANGUAGE_STANDARD = gnu17;
				GCC_DYNAMIC_NO_PIC = NO;
				GCC_NO_COMMON_BLOCKS = YES;
				GCC_OPTIMIZATION_LEVEL = 0;
				GCC_PREPROCESSOR_DEFINITIONS = (
					"DEBUG=1",
					"$(inherited)",
				);
				GCC_WARN_64_TO_32_BIT_CONVERSION = YES;
				GCC_WARN_ABOUT_RETURN_TYPE = YES_ERROR;
				GCC_WARN_UNDECLARED_SELECTOR = YES;
				GCC_WARN_UNINITIALIZED_AUTOS = YES_AGGRESSIVE;
				GCC_WARN_UNUSED_FUNCTION = YES;
				GCC_WARN_UNUSED_VARIABLE = YES;
				INFOPLIST_KEY_NSHealthShareUsageDescription = "Nervio reads ​Apple ​Health data locally to estimate recovery signals and physiological load trends.";
				INFOPLIST_KEY_NSHealthUpdateUsageDescription = "Nervio writes selected wellness summaries to Apple Health only when you explicitly choose to do so.";
				IPHONEOS_DEPLOYMENT_TARGET = 17.0;
				LOCALIZATION_PREFERS_STRING_CATALOGS = YES;
				MTL_ENABLE_DEBUG_INFO = INCLUDE_SOURCE;
				MTL_FAST_MATH = YES;
				ONLY_ACTIVE_ARCH = YES;
				SDKROOT = iphoneos;
				SWIFT_ACTIVE_COMPILATION_CONDITIONS = "DEBUG $(inherited)";
				SWIFT_OPTIMIZATION_LEVEL = "-Onone";
				WATCHOS_DEPLOYMENT_TARGET = 9.6;
			};
			name = Debug;
		};
		86E4562E2FB236C900040516 /* Release */ = {
			isa = XCBuildConfiguration;
			buildSettings = {
				ALWAYS_SEARCH_USER_PATHS = NO;
				ASSETCATALOG_COMPILER_GENERATE_SWIFT_ASSET_SYMBOL_EXTENSIONS = YES;
				CLANG_ANALYZER_NONNULL = YES;
				CLANG_ANALYZER_NUMBER_OBJECT_CONVERSION = YES_AGGRESSIVE;
				CLANG_CXX_LANGUAGE_STANDARD = "gnu++20";
				CLANG_ENABLE_MODULES = YES;
				CLANG_ENABLE_OBJC_ARC = YES;
				CLANG_ENABLE_OBJC_WEAK = YES;
				CLANG_WARN_BLOCK_CAPTURE_AUTORELEASING = YES;
				CLANG_WARN_BOOL_CONVERSION = YES;
				CLANG_WARN_COMMA = YES;
				CLANG_WARN_CONSTANT_CONVERSION = YES;
				CLANG_WARN_DEPRECATED_OBJC_IMPLEMENTATIONS = YES;
				CLANG_WARN_DIRECT_OBJC_ISA_USAGE = YES_ERROR;
				CLANG_WARN_DOCUMENTATION_COMMENTS = YES;
				CLANG_WARN_EMPTY_BODY = YES;
				CLANG_WARN_ENUM_CONVERSION = YES;
				CLANG_WARN_INFINITE_RECURSION = YES;
				CLANG_WARN_INT_CONVERSION = YES;
				CLANG_WARN_NON_LITERAL_NULL_CONVERSION = YES;
				CLANG_WARN_OBJC_IMPLICIT_RETAIN_SELF = YES;
				CLANG_WARN_OBJC_LITERAL_CONVERSION = YES;
				CLANG_WARN_OBJC_ROOT_CLASS = YES_ERROR;
				CLANG_WARN_QUOTED_INCLUDE_IN_FRAMEWORK_HEADER = YES;
				CLANG_WARN_RANGE_LOOP_ANALYSIS = YES;
				CLANG_WARN_STRICT_PROTOTYPES = YES;
				CLANG_WARN_SUSPICIOUS_MOVE = YES;
				CLANG_WARN_UNGUARDED_AVAILABILITY = YES_AGGRESSIVE;
				CLANG_WARN_UNREACHABLE_CODE = YES;
				CLANG_WARN__DUPLICATE_METHOD_MATCH = YES;
				COPY_PHASE_STRIP = NO;
				DEBUG_INFORMATION_FORMAT = "dwarf-with-dsym";
				DEVELOPMENT_TEAM = 62QUMB3PNM;
				ENABLE_NS_ASSERTIONS = NO;
				ENABLE_STRICT_OBJC_MSGSEND = YES;
				ENABLE_USER_SCRIPT_SANDBOXING = YES;
				GCC_C_LANGUAGE_STANDARD = gnu17;
				GCC_NO_COMMON_BLOCKS = YES;
				GCC_WARN_64_TO_32_BIT_CONVERSION = YES;
				GCC_WARN_ABOUT_RETURN_TYPE = YES_ERROR;
				GCC_WARN_UNDECLARED_SELECTOR = YES;
				GCC_WARN_UNINITIALIZED_AUTOS = YES_AGGRESSIVE;
				GCC_WARN_UNUSED_FUNCTION = YES;
				GCC_WARN_UNUSED_VARIABLE = YES;
				INFOPLIST_KEY_NSHealthShareUsageDescription = "Nervio reads ​Apple ​Health data locally to estimate recovery signals and physiological load trends.";
				INFOPLIST_KEY_NSHealthUpdateUsageDescription = "Nervio writes selected wellness summaries to Apple Health only when you explicitly choose to do so.";
				IPHONEOS_DEPLOYMENT_TARGET = 17.0;
				LOCALIZATION_PREFERS_STRING_CATALOGS = YES;
				MTL_ENABLE_DEBUG_INFO = NO;
				MTL_FAST_MATH = YES;
				SDKROOT = iphoneos;
				SWIFT_COMPILATION_MODE = wholemodule;
				VALIDATE_PRODUCT = YES;
				WATCHOS_DEPLOYMENT_TARGET = 9.6;
			};
			name = Release;
		};
		86E456302FB236C900040516 /* Debug */ = {
			isa = XCBuildConfiguration;
			buildSettings = {
				ASSETCATALOG_COMPILER_APPICON_NAME = AppIcon;
				ASSETCATALOG_COMPILER_GLOBAL_ACCENT_COLOR_NAME = AccentColor;
				CODE_SIGN_ENTITLEMENTS = "Nervio — Recovery Signals/Nervio — Recovery Signals.entitlements";
				CODE_SIGN_STYLE = Automatic;
				CURRENT_PROJECT_VERSION = 9;
				DEVELOPMENT_TEAM = 62QUMB3PNM;
				ENABLE_PREVIEWS = YES;
				GENERATE_INFOPLIST_FILE = YES;
				INFOPLIST_FILE = "Nervio---Recovery-Signals-Info.plist";
				INFOPLIST_KEY_CFBundleDisplayName = Nervio;
				INFOPLIST_KEY_LSApplicationCategoryType = "public.app-category.healthcare-fitness";
				INFOPLIST_KEY_NSHealthShareUsageDescription = "Nervio reads ​Apple ​Health data locally to estimate recovery signals and physiological load trends.";
				INFOPLIST_KEY_NSHealthUpdateUsageDescription = "Nervio writes selected wellness summaries to Apple Health only when you explicitly choose to do so.";
				INFOPLIST_KEY_NSSupportsLiveActivities = YES;
				INFOPLIST_KEY_UIApplicationSceneManifest_Generation = YES;
				INFOPLIST_KEY_UIApplicationSupportsIndirectInputEvents = YES;
				INFOPLIST_KEY_UILaunchScreen_Generation = YES;
				INFOPLIST_KEY_UISupportedInterfaceOrientations_iPad = "UIInterfaceOrientationPortrait UIInterfaceOrientationPortraitUpsideDown UIInterfaceOrientationLandscapeLeft UIInterfaceOrientationLandscapeRight";
				INFOPLIST_KEY_UISupportedInterfaceOrientations_iPhone = "UIInterfaceOrientationPortrait UIInterfaceOrientationLandscapeLeft UIInterfaceOrientationLandscapeRight";
				IPHONEOS_DEPLOYMENT_TARGET = 17.0;
				LD_RUNPATH_SEARCH_PATHS = (
					"$(inherited)",
					"@executable_path/Frameworks",
				);
				MARKETING_VERSION = 2.6;
				PRODUCT_BUNDLE_IDENTIFIER = "com.florinsima.Nervio---Recovery-Signals";
				PRODUCT_NAME = "$(TARGET_NAME)";
				SKIP_INSTALL = NO;
				STRING_CATALOG_GENERATE_SYMBOLS = YES;
				SWIFT_APPROACHABLE_CONCURRENCY = YES;
				SWIFT_DEFAULT_ACTOR_ISOLATION = MainActor;
				SWIFT_EMIT_LOC_STRINGS = YES;
				SWIFT_UPCOMING_FEATURE_MEMBER_IMPORT_VISIBILITY = YES;
				SWIFT_VERSION = 5.0;
				TARGETED_DEVICE_FAMILY = "1,2";
			};
			name = Debug;
		};
		86E456312FB236C900040516 /* Release */ = {
			isa = XCBuildConfiguration;
			buildSettings = {
				ASSETCATALOG_COMPILER_APPICON_NAME = AppIcon;
				ASSETCATALOG_COMPILER_GLOBAL_ACCENT_COLOR_NAME = AccentColor;
				CODE_SIGN_ENTITLEMENTS = "Nervio — Recovery Signals/Nervio — Recovery Signals.entitlements";
				CODE_SIGN_STYLE = Automatic;
				CURRENT_PROJECT_VERSION = 9;
				DEVELOPMENT_TEAM = 62QUMB3PNM;
				ENABLE_PREVIEWS = YES;
				GENERATE_INFOPLIST_FILE = YES;
				INFOPLIST_FILE = "Nervio---Recovery-Signals-Info.plist";
				INFOPLIST_KEY_CFBundleDisplayName = Nervio;
				INFOPLIST_KEY_LSApplicationCategoryType = "public.app-category.healthcare-fitness";
				INFOPLIST_KEY_NSHealthShareUsageDescription = "Nervio reads ​Apple ​Health data locally to estimate recovery signals and physiological load trends.";
				INFOPLIST_KEY_NSHealthUpdateUsageDescription = "Nervio writes selected wellness summaries to Apple Health only when you explicitly choose to do so.";
				INFOPLIST_KEY_NSSupportsLiveActivities = YES;
				INFOPLIST_KEY_UIApplicationSceneManifest_Generation = YES;
				INFOPLIST_KEY_UIApplicationSupportsIndirectInputEvents = YES;
				INFOPLIST_KEY_UILaunchScreen_Generation = YES;
				INFOPLIST_KEY_UISupportedInterfaceOrientations_iPad = "UIInterfaceOrientationPortrait UIInterfaceOrientationPortraitUpsideDown UIInterfaceOrientationLandscapeLeft UIInterfaceOrientationLandscapeRight";
				INFOPLIST_KEY_UISupportedInterfaceOrientations_iPhone = "UIInterfaceOrientationPortrait UIInterfaceOrientationLandscapeLeft UIInterfaceOrientationLandscapeRight";
				IPHONEOS_DEPLOYMENT_TARGET = 17.0;
				LD_RUNPATH_SEARCH_PATHS = (
					"$(inherited)",
					"@executable_path/Frameworks",
				);
				MARKETING_VERSION = 2.6;
				PRODUCT_BUNDLE_IDENTIFIER = "com.florinsima.Nervio---Recovery-Signals";
				PRODUCT_NAME = "$(TARGET_NAME)";
				SKIP_INSTALL = NO;
				STRING_CATALOG_GENERATE_SYMBOLS = YES;
				SWIFT_APPROACHABLE_CONCURRENCY = YES;
				SWIFT_DEFAULT_ACTOR_ISOLATION = MainActor;
				SWIFT_EMIT_LOC_STRINGS = YES;
				SWIFT_UPCOMING_FEATURE_MEMBER_IMPORT_VISIBILITY = YES;
				SWIFT_VERSION = 5.0;
				TARGETED_DEVICE_FAMILY = "1,2";
			};
			name = Release;
		};
		86E456332FB236C900040516 /* Debug */ = {
			isa = XCBuildConfiguration;
			buildSettings = {
				BUNDLE_LOADER = "$(TEST_HOST)";
				CODE_SIGN_STYLE = Automatic;
				CURRENT_PROJECT_VERSION = 4;
				DEVELOPMENT_TEAM = 62QUMB3PNM;
				GENERATE_INFOPLIST_FILE = YES;
				IPHONEOS_DEPLOYMENT_TARGET = 17.0;
				MARKETING_VERSION = 1.0;
				PRODUCT_BUNDLE_IDENTIFIER = "com.florinsima.Nervio---Recovery-SignalsTests";
				PRODUCT_NAME = "$(TARGET_NAME)";
				STRING_CATALOG_GENERATE_SYMBOLS = NO;
				SWIFT_APPROACHABLE_CONCURRENCY = YES;
				SWIFT_EMIT_LOC_STRINGS = NO;
				SWIFT_UPCOMING_FEATURE_MEMBER_IMPORT_VISIBILITY = YES;
				SWIFT_VERSION = 5.0;
				TARGETED_DEVICE_FAMILY = "1,2";
				TEST_HOST = "$(BUILT_PRODUCTS_DIR)/Nervio — Recovery Signals.app/$(BUNDLE_EXECUTABLE_FOLDER_PATH)/Nervio — Recovery Signals";
			};
			name = Debug;
		};
		86E456342FB236C900040516 /* Release */ = {
			isa = XCBuildConfiguration;
			buildSettings = {
				BUNDLE_LOADER = "$(TEST_HOST)";
				CODE_SIGN_STYLE = Automatic;
				CURRENT_PROJECT_VERSION = 4;
				DEVELOPMENT_TEAM = 62QUMB3PNM;
				GENERATE_INFOPLIST_FILE = YES;
				IPHONEOS_DEPLOYMENT_TARGET = 17.0;
				MARKETING_VERSION = 1.0;
				PRODUCT_BUNDLE_IDENTIFIER = "com.florinsima.Nervio---Recovery-SignalsTests";
				PRODUCT_NAME = "$(TARGET_NAME)";
				STRING_CATALOG_GENERATE_SYMBOLS = NO;
				SWIFT_APPROACHABLE_CONCURRENCY = YES;
				SWIFT_EMIT_LOC_STRINGS = NO;
				SWIFT_UPCOMING_FEATURE_MEMBER_IMPORT_VISIBILITY = YES;
				SWIFT_VERSION = 5.0;
				TARGETED_DEVICE_FAMILY = "1,2";
				TEST_HOST = "$(BUILT_PRODUCTS_DIR)/Nervio — Recovery Signals.app/$(BUNDLE_EXECUTABLE_FOLDER_PATH)/Nervio — Recovery Signals";
			};
			name = Release;
		};
		86E456362FB236C900040516 /* Debug */ = {
			isa = XCBuildConfiguration;
			buildSettings = {
				CODE_SIGN_STYLE = Automatic;
				CURRENT_PROJECT_VERSION = 4;
				DEVELOPMENT_TEAM = 62QUMB3PNM;
				GENERATE_INFOPLIST_FILE = YES;
				MARKETING_VERSION = 1.0;
				PRODUCT_BUNDLE_IDENTIFIER = "com.florinsima.Nervio---Recovery-SignalsUITests";
				PRODUCT_NAME = "$(TARGET_NAME)";
				STRING_CATALOG_GENERATE_SYMBOLS = NO;
				SWIFT_APPROACHABLE_CONCURRENCY = YES;
				SWIFT_EMIT_LOC_STRINGS = NO;
				SWIFT_UPCOMING_FEATURE_MEMBER_IMPORT_VISIBILITY = YES;
				SWIFT_VERSION = 5.0;
				TARGETED_DEVICE_FAMILY = "1,2";
				TEST_TARGET_NAME = "Nervio — Recovery Signals";
			};
			name = Debug;
		};
		86E456372FB236C900040516 /* Release */ = {
			isa = XCBuildConfiguration;
			buildSettings = {
				CODE_SIGN_STYLE = Automatic;
				CURRENT_PROJECT_VERSION = 4;
				DEVELOPMENT_TEAM = 62QUMB3PNM;
				GENERATE_INFOPLIST_FILE = YES;
				MARKETING_VERSION = 1.0;
				PRODUCT_BUNDLE_IDENTIFIER = "com.florinsima.Nervio---Recovery-SignalsUITests";
				PRODUCT_NAME = "$(TARGET_NAME)";
				STRING_CATALOG_GENERATE_SYMBOLS = NO;
				SWIFT_APPROACHABLE_CONCURRENCY = YES;
				SWIFT_EMIT_LOC_STRINGS = NO;
				SWIFT_UPCOMING_FEATURE_MEMBER_IMPORT_VISIBILITY = YES;
				SWIFT_VERSION = 5.0;
				TARGETED_DEVICE_FAMILY = "1,2";
				TEST_TARGET_NAME = "Nervio — Recovery Signals";
			};
			name = Release;
		};
/* End XCBuildConfiguration section */

/* Begin XCConfigurationList section */
		86006E442FB3B1F600714B37 /* Build configuration list for PBXNativeTarget "NervioWatch Watch App" */ = {
			isa = XCConfigurationList;
			buildConfigurations = (
				86006E452FB3B1F600714B37 /* Debug */,
				86006E462FB3B1F600714B37 /* Release */,
			);
			defaultConfigurationIsVisible = 0;
			defaultConfigurationName = Release;
		};
		86006E472FB3B1F600714B37 /* Build configuration list for PBXNativeTarget "NervioWatch Watch AppTests" */ = {
			isa = XCConfigurationList;
			buildConfigurations = (
				86006E482FB3B1F600714B37 /* Debug */,
				86006E492FB3B1F600714B37 /* Release */,
			);
			defaultConfigurationIsVisible = 0;
			defaultConfigurationName = Release;
		};
		86006E4A2FB3B1F600714B37 /* Build configuration list for PBXNativeTarget "NervioWatch Watch AppUITests" */ = {
			isa = XCConfigurationList;
			buildConfigurations = (
				86006E4B2FB3B1F600714B37 /* Debug */,
				86006E4C2FB3B1F600714B37 /* Release */,
			);
			defaultConfigurationIsVisible = 0;
			defaultConfigurationName = Release;
		};
		86006E692FB3B42B00714B37 /* Build configuration list for PBXNativeTarget "NervioWatch ComplicationsExtension" */ = {
			isa = XCConfigurationList;
			buildConfigurations = (
				86006E6A2FB3B42B00714B37 /* Debug */,
				86006E6B2FB3B42B00714B37 /* Release */,
			);
			defaultConfigurationIsVisible = 0;
			defaultConfigurationName = Release;
		};
		86D765DC2FB7572700870192 /* Build configuration list for PBXNativeTarget "nervio.widgetExtension" */ = {
			isa = XCConfigurationList;
			buildConfigurations = (
				86D765DD2FB7572700870192 /* Debug */,
				86D765DE2FB7572700870192 /* Release */,
			);
			defaultConfigurationIsVisible = 0;
			defaultConfigurationName = Release;
		};
		86E456092FB236C800040516 /* Build configuration list for PBXProject "Nervio — Recovery Signals" */ = {
			isa = XCConfigurationList;
			buildConfigurations = (
				86E4562D2FB236C900040516 /* Debug */,
				86E4562E2FB236C900040516 /* Release */,
			);
			defaultConfigurationIsVisible = 0;
			defaultConfigurationName = Release;
		};
		86E4562F2FB236C900040516 /* Build configuration list for PBXNativeTarget "Nervio — Recovery Signals" */ = {
			isa = XCConfigurationList;
			buildConfigurations = (
				86E456302FB236C900040516 /* Debug */,
				86E456312FB236C900040516 /* Release */,
			);
			defaultConfigurationIsVisible = 0;
			defaultConfigurationName = Release;
		};
		86E456322FB236C900040516 /* Build configuration list for PBXNativeTarget "Nervio — Recovery SignalsTests" */ = {
			isa = XCConfigurationList;
			buildConfigurations = (
				86E456332FB236C900040516 /* Debug */,
				86E456342FB236C900040516 /* Release */,
			);
			defaultConfigurationIsVisible = 0;
			defaultConfigurationName = Release;
		};
		86E456352FB236C900040516 /* Build configuration list for PBXNativeTarget "Nervio — Recovery SignalsUITests" */ = {
			isa = XCConfigurationList;
			buildConfigurations = (
				86E456362FB236C900040516 /* Debug */,
				86E456372FB236C900040516 /* Release */,
			);
			defaultConfigurationIsVisible = 0;
			defaultConfigurationName = Release;
		};
/* End XCConfigurationList section */
	};
	rootObject = 86E456062FB236C800040516 /* Project object */;
}
